{
  "version": 4,
  "terraform_version": "1.12.2",
  "serial": 12,
  "lineage": "a7da9dea-3782-bcc4-e570-09857c90ba8a",
  "outputs": {
    "aws_region": {
      "value": "us-east-1",
      "type": "string"
    },
    "db_name": {
      "value": "ftm",
      "type": "string"
    },
    "db_password": {
      "value": "ftm69!",
      "type": "string",
      "sensitive": true
    },
    "db_security_group_id": {
      "value": "sg-08f81f5948542099d",
      "type": "string"
    },
    "ec2_security_group_id": {
      "value": "sg-015ab48b713f45933",
      "type": "string"
    },
    "instance_profile_name": {
      "value": "ftm-ec2-profile",
      "type": "string"
    },
    "key_pair_name": {
      "value": "ftm-key",
      "type": "string"
    },
    "s3_bucket_name": {
      "value": "ftm-pipeline-78ea68c8",
      "type": "string"
    }
  },
  "resources": [
    {
      "mode": "managed",
      "type": "aws_iam_instance_profile",
      "name": "ec2_profile",
      "provider": "provider[\"registry.terraform.io/hashicorp/aws\"]",
      "instances": [
        {
          "schema_version": 0,
          "attributes": {
            "arn": "arn:aws:iam::666938415731:instance-profile/ftm-ec2-profile",
            "create_date": "2025-12-05T06:19:23Z",
            "id": "ftm-ec2-profile",
            "name": "ftm-ec2-profile",
            "name_prefix": "",
            "path": "/",
            "role": "ftm-ec2-pipeline",
            "tags": {},
            "tags_all": {},
            "unique_id": "AIPAZWSFATJZ3UHWCJYGD"
          },
          "sensitive_attributes": [],
          "identity_schema_version": 0,
          "private": "bnVsbA==",
          "dependencies": [
            "aws_iam_role.ec2_pipeline"
          ]
        }
      ]
    },
    {
      "mode": "managed",
      "type": "aws_iam_role",
      "name": "ec2_pipeline",
      "provider": "provider[\"registry.terraform.io/hashicorp/aws\"]",
      "instances": [
        {
          "schema_version": 0,
          "attributes": {
            "arn": "arn:aws:iam::666938415731:role/ftm-ec2-pipeline",
            "assume_role_policy": "{\"Statement\":[{\"Action\":\"sts:AssumeRole\",\"Effect\":\"Allow\",\"Principal\":{\"Service\":\"ec2.amazonaws.com\"}}],\"Version\":\"2012-10-17\"}",
            "create_date": "2025-12-05T06:19:23Z",
            "description": "",
            "force_detach_policies": false,
            "id": "ftm-ec2-pipeline",
            "inline_policy": [],
            "managed_policy_arns": [
              "arn:aws:iam::aws:policy/AmazonS3ReadOnlyAccess"
            ],
            "max_session_duration": 3600,
            "name": "ftm-ec2-pipeline",
            "name_prefix": "",
            "path": "/",
            "permissions_boundary": "",
            "tags": {
              "Project": "financial-topic-modeling"
            },
            "tags_all": {
              "Project": "financial-topic-modeling"
            },
            "unique_id": "AROAZWSFATJZRYGUQMEFZ"
          },
          "sensitive_attributes": [],
          "identity_schema_version": 0,
          "private": "bnVsbA=="
        }
      ]
    },
    {
      "mode": "managed",
      "type": "aws_iam_role_policy_attachment",
      "name": "s3_read",
      "provider": "provider[\"registry.terraform.io/hashicorp/aws\"]",
      "instances": [
        {
          "schema_version": 0,
          "attributes": {
            "id": "ftm-ec2-pipeline-20251205061923617500000001",
            "policy_arn": "arn:aws:iam::aws:policy/AmazonS3ReadOnlyAccess",
            "role": "ftm-ec2-pipeline"
          },
          "sensitive_attributes": [],
          "identity_schema_version": 0,
          "private": "bnVsbA==",
          "dependencies": [
            "aws_iam_role.ec2_pipeline"
          ]
        }
      ]
    },
    {
      "mode": "managed",
      "type": "aws_s3_bucket",
      "name": "pipeline",
      "provider": "provider[\"registry.terraform.io/hashicorp/aws\"]",
      "instances": [
        {
          "schema_version": 0,
          "attributes": {
            "acceleration_status": "",
            "acl": null,
            "arn": "arn:aws:s3:::ftm-pipeline-78ea68c8",
            "bucket": "ftm-pipeline-78ea68c8",
            "bucket_domain_name": "ftm-pipeline-78ea68c8.s3.amazonaws.com",
            "bucket_prefix": "",
            "bucket_regional_domain_name": "ftm-pipeline-78ea68c8.s3.us-east-1.amazonaws.com",
            "cors_rule": [],
            "force_destroy": false,
            "grant": [
              {
                "id": "621b49fbdc40b468fb68fef443000dc601616af2ad3d026521583ec85e4522d3",
                "permissions": [
                  "FULL_CONTROL"
                ],
                "type": "CanonicalUser",
                "uri": ""
              }
            ],
            "hosted_zone_id": "Z3AQBSTGFYJSTF",
            "id": "ftm-pipeline-78ea68c8",
            "lifecycle_rule": [],
            "logging": [],
            "object_lock_configuration": [],
            "object_lock_enabled": false,
            "policy": "",
            "region": "us-east-1",
            "replication_configuration": [],
            "request_payer": "BucketOwner",
            "server_side_encryption_configuration": [
              {
                "rule": [
                  {
                    "apply_server_side_encryption_by_default": [
                      {
                        "kms_master_key_id": "",
                        "sse_algorithm": "AES256"
                      }
                    ],
                    "bucket_key_enabled": false
                  }
                ]
              }
            ],
            "tags": {
              "Name": "ftm-pipeline",
              "Project": "financial-topic-modeling"
            },
            "tags_all": {
              "Name": "ftm-pipeline",
              "Project": "financial-topic-modeling"
            },
            "timeouts": null,
            "versioning": [
              {
                "enabled": false,
                "mfa_delete": false
              }
            ],
            "website": [],
            "website_domain": null,
            "website_endpoint": null
          },
          "sensitive_attributes": [],
          "identity_schema_version": 0,
          "private": "eyJlMmJmYjczMC1lY2FhLTExZTYtOGY4OC0zNDM2M2JjN2M0YzAiOnsiY3JlYXRlIjoxMjAwMDAwMDAwMDAwLCJkZWxldGUiOjM2MDAwMDAwMDAwMDAsInJlYWQiOjEyMDAwMDAwMDAwMDAsInVwZGF0ZSI6MTIwMDAwMDAwMDAwMH19",
          "dependencies": [
            "random_id.suffix"
          ]
        }
      ]
    },
    {
      "mode": "managed",
      "type": "aws_s3_bucket_public_access_block",
      "name": "pipeline",
      "provider": "provider[\"registry.terraform.io/hashicorp/aws\"]",
      "instances": [
        {
          "schema_version": 0,
          "attributes": {
            "block_public_acls": true,
            "block_public_policy": true,
            "bucket": "ftm-pipeline-78ea68c8",
            "id": "ftm-pipeline-78ea68c8",
            "ignore_public_acls": true,
            "restrict_public_buckets": true
          },
          "sensitive_attributes": [],
          "identity_schema_version": 0,
          "private": "bnVsbA==",
          "dependencies": [
            "aws_s3_bucket.pipeline",
            "random_id.suffix"
          ]
        }
      ]
    },
    {
      "mode": "managed",
      "type": "aws_security_group",
      "name": "db",
      "provider": "provider[\"registry.terraform.io/hashicorp/aws\"]",
      "instances": [
        {
          "schema_version": 1,
          "attributes": {
            "arn": "arn:aws:ec2:us-east-1:666938415731:security-group/sg-08f81f5948542099d",
            "description": "Allow PostgreSQL from EC2 security group only",
            "egress": [],
            "id": "sg-08f81f5948542099d",
            "ingress": [
              {
                "cidr_blocks": [],
                "description": "PostgreSQL from EC2",
                "from_port": 5432,
                "ipv6_cidr_blocks": [],
                "prefix_list_ids": [],
                "protocol": "tcp",
                "security_groups": [
                  "sg-015ab48b713f45933"
                ],
                "self": false,
                "to_port": 5432
              }
            ],
            "name": "ftm-db-sg",
            "name_prefix": "",
            "owner_id": "666938415731",
            "revoke_rules_on_delete": false,
            "tags": {
              "Name": "ftm-db-sg",
              "Project": "financial-topic-modeling"
            },
            "tags_all": {
              "Name": "ftm-db-sg",
              "Project": "financial-topic-modeling"
            },
            "timeouts": null,
            "vpc_id": "vpc-0c5dd3cb620345d14"
          },
          "sensitive_attributes": [],
          "identity_schema_version": 0,
          "private": "eyJlMmJmYjczMC1lY2FhLTExZTYtOGY4OC0zNDM2M2JjN2M0YzAiOnsiY3JlYXRlIjo2MDAwMDAwMDAwMDAsImRlbGV0ZSI6OTAwMDAwMDAwMDAwfSwic2NoZW1hX3ZlcnNpb24iOiIxIn0=",
          "dependencies": [
            "aws_security_group.ec2"
          ]
        }
      ]
    },
    {
      "mode": "managed",
      "type": "aws_security_group",
      "name": "ec2",
      "provider": "provider[\"registry.terraform.io/hashicorp/aws\"]",
      "instances": [
        {
          "schema_version": 1,
          "attributes": {
            "arn": "arn:aws:ec2:us-east-1:666938415731:security-group/sg-015ab48b713f45933",
            "description": "Allow SSH from specified IP",
            "egress": [
              {
                "cidr_blocks": [
                  "0.0.0.0/0"
                ],
                "description": "All outbound",
                "from_port": 0,
                "ipv6_cidr_blocks": [],
                "prefix_list_ids": [],
                "protocol": "-1",
                "security_groups": [],
                "self": false,
                "to_port": 0
              }
            ],
            "id": "sg-015ab48b713f45933",
            "ingress": [
              {
                "cidr_blocks": [
                  "73.158.5.229/32"
                ],
                "description": "SSH",
                "from_port": 22,
                "ipv6_cidr_blocks": [],
                "prefix_list_ids": [],
                "protocol": "tcp",
                "security_groups": [],
                "self": false,
                "to_port": 22
              }
            ],
            "name": "ftm-ec2-sg",
            "name_prefix": "",
            "owner_id": "666938415731",
            "revoke_rules_on_delete": false,
            "tags": {
              "Name": "ftm-ec2-sg",
              "Project": "financial-topic-modeling"
            },
            "tags_all": {
              "Name": "ftm-ec2-sg",
              "Project": "financial-topic-modeling"
            },
            "timeouts": null,
            "vpc_id": "vpc-0c5dd3cb620345d14"
          },
          "sensitive_attributes": [],
          "identity_schema_version": 0,
          "private": "eyJlMmJmYjczMC1lY2FhLTExZTYtOGY4OC0zNDM2M2JjN2M0YzAiOnsiY3JlYXRlIjo2MDAwMDAwMDAwMDAsImRlbGV0ZSI6OTAwMDAwMDAwMDAwfSwic2NoZW1hX3ZlcnNpb24iOiIxIn0="
        }
      ]
    },
    {
      "mode": "managed",
      "type": "random_id",
      "name": "suffix",
      "provider": "provider[\"registry.terraform.io/hashicorp/random\"]",
      "instances": [
        {
          "schema_version": 0,
          "attributes": {
            "b64_std": "eOpoyA==",
            "b64_url": "eOpoyA",
            "byte_length": 4,
            "dec": "2028628168",
            "hex": "78ea68c8",
            "id": "eOpoyA",
            "keepers": null,
            "prefix": null
          },
          "sensitive_attributes": [],
          "identity_schema_version": 0
        }
      ]
    }
  ],
  "check_results": null
}
